
Microsoft Visual Studio Solution File, Format Version 12.00
# Visual Studio Version 17
VisualStudioVersion = 17.13.35919.96 d17.13
MinimumVisualStudioVersion = 10.0.40219.1
Project("{FAE04EC0-301F-11D3-BF4B-00C04F79EFBC}") = "Bindr", "Bindr\Bindr.csproj", "{56730F01-2B6A-4BB8-97B0-9D97AA1645DE}"
EndProject
Global
	GlobalSection(SolutionConfigurationPlatforms) = preSolution
		Debug|Any CPU = Debug|Any CPU
		Release|Any CPU = Release|Any CPU
	EndGlobalSection
	GlobalSection(ProjectConfigurationPlatforms) = postSolution
		{56730F01-2B6A-4BB8-97B0-9D97AA1645DE}.Debug|Any CPU.ActiveCfg = Debug|Any CPU
		{56730F01-2B6A-4BB8-97B0-9D97AA1645DE}.Debug|Any CPU.Build.0 = Debug|Any CPU
		{56730F01-2B6A-4BB8-97B0-9D97AA1645DE}.Release|Any CPU.ActiveCfg = Release|Any CPU
		{56730F01-2B6A-4BB8-97B0-9D97AA1645DE}.Release|Any CPU.Build.0 = Release|Any CPU
	EndGlobalSection
	GlobalSection(SolutionProperties) = preSolution
		HideSolutionNode = FALSE
	EndGlobalSection
	GlobalSection(ExtensibilityGlobals) = postSolution
		SolutionGuid = {E72D8C9C-4B48-46A4-8BCA-AA999950D27A}
	EndGlobalSection
EndGlobal
